
Microsoft Visual Studio Solution File, Format Version 12.00
# Visual Studio Version 16
VisualStudioVersion = 16.0.31702.278
MinimumVisualStudioVersion = 10.0.40219.1
Project("{FAE04EC0-301F-11D3-BF4B-00C04F79EFBC}") = "WinFormsContacts", "WinFormsContacts\WinFormsContacts.csproj", "{AA5A243A-5C28-4B7D-8C64-FB474B62A355}"
EndProject
Global
	GlobalSection(SolutionConfigurationPlatforms) = preSolution
		Debug|Any CPU = Debug|Any CPU
		Release|Any CPU = Release|Any CPU
	EndGlobalSection
	GlobalSection(ProjectConfigurationPlatforms) = postSolution
		{AA5A243A-5C28-4B7D-8C64-FB474B62A355}.Debug|Any CPU.ActiveCfg = Debug|Any CPU
		{AA5A243A-5C28-4B7D-8C64-FB474B62A355}.Debug|Any CPU.Build.0 = Debug|Any CPU
		{AA5A243A-5C28-4B7D-8C64-FB474B62A355}.Release|Any CPU.ActiveCfg = Release|Any CPU
		{AA5A243A-5C28-4B7D-8C64-FB474B62A355}.Release|Any CPU.Build.0 = Release|Any CPU
	EndGlobalSection
	GlobalSection(SolutionProperties) = preSolution
		HideSolutionNode = FALSE
	EndGlobalSection
	GlobalSection(ExtensibilityGlobals) = postSolution
		SolutionGuid = {FEADE9D2-E7FF-4EC9-AB6A-9AE3BF8A4549}
	EndGlobalSection
EndGlobal
